
Microsoft Visual Studio Solution File, Format Version 12.00
# Visual Studio Version 16
VisualStudioVersion = 16.0.29209.152
MinimumVisualStudioVersion = 10.0.40219.1
Project("{2150E333-8FDC-42A3-9474-1A3956D46DE8}") = "03 - Presentation Layer", "03 - Presentation Layer", "{E15EDEBE-97FE-4BDD-ADE5-215B506BB63C}"
EndProject
Project("{2150E333-8FDC-42A3-9474-1A3956D46DE8}") = "01 - Application Core Layer", "01 - Application Core Layer", "{B5719D48-CF4E-409D-ACCD-90D8BC0B1B5F}"
EndProject
Project("{2150E333-8FDC-42A3-9474-1A3956D46DE8}") = "02 - Data Access Layer", "02 - Data Access Layer", "{26CBA9C8-B4E5-4C5D-8633-5713DC231F22}"
EndProject
Project("{9A19103F-16F7-4668-BE54-9A1E7A4F7556}") = "CrudTest.Application.Core", "Application Core\CrudTest.Application.Core\CrudTest.Application.Core.csproj", "{949FB1B5-D53E-4B0D-A368-4FB91DC3DD73}"
EndProject
Project("{9A19103F-16F7-4668-BE54-9A1E7A4F7556}") = "CrudTest.DataAccess", "Data Access\CrudTest.DataAccess\CrudTest.DataAccess.csproj", "{87626A0F-62EA-4176-8F41-0C3B24DD78CA}"
EndProject
Project("{2150E333-8FDC-42A3-9474-1A3956D46DE8}") = "04 - Unit Test", "04 - Unit Test", "{DE51F859-5D9B-4F92-82DA-9F374C76EE3F}"
EndProject
Project("{9A19103F-16F7-4668-BE54-9A1E7A4F7556}") = "CrudTest.TDD.Test", "unit Test\CrudTest.TDD.Test\CrudTest.TDD.Test.csproj", "{248ED4D1-8BA7-4F4D-A541-E16CC306B09F}"
EndProject
Project("{9A19103F-16F7-4668-BE54-9A1E7A4F7556}") = "CrudTest.WebApi", "Web Api\CrudTest.WebApi\CrudTest.WebApi.csproj", "{E2DA4CF3-EFFE-4A4E-8202-138C15DC7EFA}"
EndProject
Project("{9A19103F-16F7-4668-BE54-9A1E7A4F7556}") = "CrudTest.UI", "UI\CrudTest.UI.csproj", "{E5F7A7B6-9581-41C8-976E-E32E301F157B}"
EndProject
Project("{E53339B2-1760-4266-BCC7-CA923CBCF16C}") = "docker-compose", "docker-compose.dcproj", "{3AD4C7D2-8077-465F-9667-04AD83CB7DB7}"
EndProject
Project("{2150E333-8FDC-42A3-9474-1A3956D46DE8}") = "DB", "DB", "{A6038021-217E-4266-9BFC-3F91C7034F8D}"
	ProjectSection(SolutionItems) = preProject
		DB\create-database.sql = DB\create-database.sql
		DB\Dockerfile = DB\Dockerfile
		DB\entrypoint.sh = DB\entrypoint.sh
		DB\run-initialization.sh = DB\run-initialization.sh
	EndProjectSection
EndProject
Global
	GlobalSection(SolutionConfigurationPlatforms) = preSolution
		Debug|Any CPU = Debug|Any CPU
		Release|Any CPU = Release|Any CPU
	EndGlobalSection
	GlobalSection(ProjectConfigurationPlatforms) = postSolution
		{949FB1B5-D53E-4B0D-A368-4FB91DC3DD73}.Debug|Any CPU.ActiveCfg = Debug|Any CPU
		{949FB1B5-D53E-4B0D-A368-4FB91DC3DD73}.Debug|Any CPU.Build.0 = Debug|Any CPU
		{949FB1B5-D53E-4B0D-A368-4FB91DC3DD73}.Release|Any CPU.ActiveCfg = Release|Any CPU
		{949FB1B5-D53E-4B0D-A368-4FB91DC3DD73}.Release|Any CPU.Build.0 = Release|Any CPU
		{87626A0F-62EA-4176-8F41-0C3B24DD78CA}.Debug|Any CPU.ActiveCfg = Debug|Any CPU
		{87626A0F-62EA-4176-8F41-0C3B24DD78CA}.Debug|Any CPU.Build.0 = Debug|Any CPU
		{87626A0F-62EA-4176-8F41-0C3B24DD78CA}.Release|Any CPU.ActiveCfg = Release|Any CPU
		{87626A0F-62EA-4176-8F41-0C3B24DD78CA}.Release|Any CPU.Build.0 = Release|Any CPU
		{248ED4D1-8BA7-4F4D-A541-E16CC306B09F}.Debug|Any CPU.ActiveCfg = Debug|Any CPU
		{248ED4D1-8BA7-4F4D-A541-E16CC306B09F}.Debug|Any CPU.Build.0 = Debug|Any CPU
		{248ED4D1-8BA7-4F4D-A541-E16CC306B09F}.Release|Any CPU.ActiveCfg = Release|Any CPU
		{248ED4D1-8BA7-4F4D-A541-E16CC306B09F}.Release|Any CPU.Build.0 = Release|Any CPU
		{E2DA4CF3-EFFE-4A4E-8202-138C15DC7EFA}.Debug|Any CPU.ActiveCfg = Debug|Any CPU
		{E2DA4CF3-EFFE-4A4E-8202-138C15DC7EFA}.Debug|Any CPU.Build.0 = Debug|Any CPU
		{E2DA4CF3-EFFE-4A4E-8202-138C15DC7EFA}.Release|Any CPU.ActiveCfg = Release|Any CPU
		{E2DA4CF3-EFFE-4A4E-8202-138C15DC7EFA}.Release|Any CPU.Build.0 = Release|Any CPU
		{E5F7A7B6-9581-41C8-976E-E32E301F157B}.Debug|Any CPU.ActiveCfg = Debug|Any CPU
		{E5F7A7B6-9581-41C8-976E-E32E301F157B}.Debug|Any CPU.Build.0 = Debug|Any CPU
		{E5F7A7B6-9581-41C8-976E-E32E301F157B}.Release|Any CPU.ActiveCfg = Release|Any CPU
		{E5F7A7B6-9581-41C8-976E-E32E301F157B}.Release|Any CPU.Build.0 = Release|Any CPU
		{3AD4C7D2-8077-465F-9667-04AD83CB7DB7}.Debug|Any CPU.ActiveCfg = Debug|Any CPU
		{3AD4C7D2-8077-465F-9667-04AD83CB7DB7}.Debug|Any CPU.Build.0 = Debug|Any CPU
		{3AD4C7D2-8077-465F-9667-04AD83CB7DB7}.Release|Any CPU.ActiveCfg = Release|Any CPU
		{3AD4C7D2-8077-465F-9667-04AD83CB7DB7}.Release|Any CPU.Build.0 = Release|Any CPU
	EndGlobalSection
	GlobalSection(SolutionProperties) = preSolution
		HideSolutionNode = FALSE
	EndGlobalSection
	GlobalSection(NestedProjects) = preSolution
		{949FB1B5-D53E-4B0D-A368-4FB91DC3DD73} = {B5719D48-CF4E-409D-ACCD-90D8BC0B1B5F}
		{87626A0F-62EA-4176-8F41-0C3B24DD78CA} = {26CBA9C8-B4E5-4C5D-8633-5713DC231F22}
		{248ED4D1-8BA7-4F4D-A541-E16CC306B09F} = {DE51F859-5D9B-4F92-82DA-9F374C76EE3F}
		{E2DA4CF3-EFFE-4A4E-8202-138C15DC7EFA} = {E15EDEBE-97FE-4BDD-ADE5-215B506BB63C}
		{E5F7A7B6-9581-41C8-976E-E32E301F157B} = {E15EDEBE-97FE-4BDD-ADE5-215B506BB63C}
	EndGlobalSection
	GlobalSection(ExtensibilityGlobals) = postSolution
		SolutionGuid = {B0BD1A60-6712-4F1F-9DD6-05F7AC717CC4}
	EndGlobalSection
EndGlobal
